// !$*UTF8*$!
{
	archiveVersion = 1;
	classes = {
	};
	objectVersion = 46;
	objects = {

/* Begin PBXBuildFile section */
		0EA4DC2B1DDEC30100B4B05F /* RNUpdateAPK.m in Sources */ = {isa = PBXBuildFile; fileRef = 0EA4DC2A1DDEC30100B4B05F /* RNUpdateAPK.m */; };
		0EA4DC2C1DDEC30100B4B05F /* RNUpdateAPK.h in CopyFiles */ = {isa = PBXBuildFile; fileRef = 0EA4DC291DDEC30100B4B05F /* RNUpdateAPK.h */; };
/* End PBXBuildFile section */

/* Begin PBXCopyFilesBuildPhase section */
		0EA4DC241DDEC30100B4B05F /* CopyFiles */ = {
			isa = PBXCopyFilesBuildPhase;
			buildActionMask = 2147483647;
			dstPath = "include/$(PRODUCT_NAME)";
			dstSubfolderSpec = 16;
			files = (
				0EA4DC2C1DDEC30100B4B05F /* RNUpdateAPK.h in CopyFiles */,
			);
			runOnlyForDeploymentPostprocessing = 0;
		};
/* End PBXCopyFilesBuildPhase section */

/* Begin PBXFileReference section */
		0EA4DC261DDEC30100B4B05F /* libRNUpdateAPK.a */ = {isa = PBXFileReference; explicitFileType = archive.ar; includeInIndex = 0; path = libRNUpdateAPK.a; sourceTree = BUILT_PRODUCTS_DIR; };
		0EA4DC291DDEC30100B4B05F /* RNUpdateAPK.h */ = {isa = PBXFileReference; lastKnownFileType = sourcecode.c.h; path = RNUpdateAPK.h; sourceTree = "<group>"; };
		0EA4DC2A1DDEC30100B4B05F /* RNUpdateAPK.m */ = {isa = PBXFileReference; lastKnownFileType = sourcecode.c.objc; path = RNUpdateAPK.m; sourceTree = "<group>"; };
/* End PBXFileReference section */

/* Begin PBXFrameworksBuildPhase section */
		0EA4DC231DDEC30100B4B05F /* Frameworks */ = {
			isa = PBXFrameworksBuildPhase;
			buildActionMask = 2147483647;
			files = (
			);
			runOnlyForDeploymentPostprocessing = 0;
		};
/* End PBXFrameworksBuildPhase section */

/* Begin PBXGroup section */
		0EA4DC1D1DDEC30100B4B05F = {
			isa = PBXGroup;
			children = (
				0EA4DC281DDEC30100B4B05F /* RNUpdateAPK */,
				0EA4DC271DDEC30100B4B05F /* Products */,
			);
			sourceTree = "<group>";
		};
		0EA4DC271DDEC30100B4B05F /* Products */ = {
			isa = PBXGroup;
			children = (
				0EA4DC261DDEC30100B4B05F /* libRNUpdateAPK.a */,
			);
			name = Products;
			sourceTree = "<group>";
		};
		0EA4DC281DDEC30100B4B05F /* RNUpdateAPK */ = {
			isa = PBXGroup;
			children = (
				0EA4DC291DDEC30100B4B05F /* RNUpdateAPK.h */,
				0EA4DC2A1DDEC30100B4B05F /* RNUpdateAPK.m */,
			);
			path = RNUpdateAPK;
			sourceTree = "<group>";
		};
/* End PBXGroup section */

/* Begin PBXNativeTarget section */
		0EA4DC251DDEC30100B4B05F /* RNUpdateAPK */ = {
			isa = PBXNativeTarget;
			buildConfigurationList = 0EA4DC2F1DDEC30100B4B05F /* Build configuration list for PBXNativeTarget "RNUpdateAPK" */;
			buildPhases = (
				0EA4DC221DDEC30100B4B05F /* Sources */,
				0EA4DC231DDEC30100B4B05F /* Frameworks */,
				0EA4DC241DDEC30100B4B05F /* CopyFiles */,
			);
			buildRules = (
			);
			dependencies = (
			);
			name = RNUpdateAPK;
			productName = RNUpdateAPK;
			productReference = 0EA4DC261DDEC30100B4B05F /* libRNUpdateAPK.a */;
			productType = "com.apple.product-type.library.static";
		};
/* End PBXNativeTarget section */

/* Begin PBXProject section */
		0EA4DC1E1DDEC30100B4B05F /* Project object */ = {
			isa = PBXProject;
			attributes = {
				LastUpgradeCheck = 0810;
				ORGANIZATIONNAME = parryworld;
				TargetAttributes = {
					0EA4DC251DDEC30100B4B05F = {
						CreatedOnToolsVersion = 8.1;
						ProvisioningStyle = Automatic;
					};
				};
			};
			buildConfigurationList = 0EA4DC211DDEC30100B4B05F /* Build configuration list for PBXProject "RNUpdateAPK" */;
			compatibilityVersion = "Xcode 3.2";
			developmentRegion = English;
			hasScannedForEncodings = 0;
			knownRegions = (
				en,
			);
			mainGroup = 0EA4DC1D1DDEC30100B4B05F;
			productRefGroup = 0EA4DC271DDEC30100B4B05F /* Products */;
			projectDirPath = "";
			projectRoot = "";
			targets = (
				0EA4DC251DDEC30100B4B05F /* RNUpdateAPK */,
			);
		};
/* End PBXProject section */

/* Begin PBXSourcesBuildPhase section */
		0EA4DC221DDEC30100B4B05F /* Sources */ = {
			isa = PBXSourcesBuildPhase;
			buildActionMask = 2147483647;
			files = (
				0EA4DC2B1DDEC30100B4B05F /* RNUpdateAPK.m in Sources */,
			);
			runOnlyForDeploymentPostprocessing = 0;
		};
/* End PBXSourcesBuildPhase section */

/* Begin XCBuildConfiguration section */
		0EA4DC2D1DDEC30100B4B05F /* Debug */ = {
			isa = XCBuildConfiguration;
			buildSettings = {
				ALWAYS_SEARCH_USER_PATHS = NO;
				CLANG_ANALYZER_NONNULL = YES;
				CLANG_CXX_LANGUAGE_STANDARD = "gnu++0x";
				CLANG_CXX_LIBRARY = "libc++";
				CLANG_ENABLE_MODULES = YES;
				CLANG_ENABLE_OBJC_ARC = YES;
				CLANG_WARN_BOOL_CONVERSION = YES;
				CLANG_WARN_CONSTANT_CONVERSION = YES;
				CLANG_WARN_DIRECT_OBJC_ISA_USAGE = YES_ERROR;
				CLANG_WARN_DOCUMENTATION_COMMENTS = YES;
				CLANG_WARN_EMPTY_BODY = YES;
				CLANG_WARN_ENUM_CONVERSION = YES;
				CLANG_WARN_INFINITE_RECURSION = YES;
				CLANG_WARN_INT_CONVERSION = YES;
				CLANG_WARN_OBJC_ROOT_CLASS = YES_ERROR;
				CLANG_WARN_SUSPICIOUS_MOVES = YES;
				CLANG_WARN_UNREACHABLE_CODE = YES;
				CLANG_WARN__DUPLICATE_METHOD_MATCH = YES;
				"CODE_SIGN_IDENTITY[sdk=iphoneos*]" = "iPhone Developer";
				COPY_PHASE_STRIP = NO;
				DEBUG_INFORMATION_FORMAT = dwarf;
				ENABLE_STRICT_OBJC_MSGSEND = YES;
				ENABLE_TESTABILITY = YES;
				GCC_C_LANGUAGE_STANDARD = gnu99;
				GCC_DYNAMIC_NO_PIC = NO;
				GCC_NO_COMMON_BLOCKS = YES;
				GCC_OPTIMIZATION_LEVEL = 0;
				GCC_PREPROCESSOR_DEFINITIONS = (
					"DEBUG=1",
					"$(inherited)",
				);
				GCC_WARN_64_TO_32_BIT_CONVERSION = YES;
				GCC_WARN_ABOUT_RETURN_TYPE = YES_ERROR;
				GCC_WARN_UNDECLARED_SELECTOR = YES;
				GCC_WARN_UNINITIALIZED_AUTOS = YES_AGGRESSIVE;
				GCC_WARN_UNUSED_FUNCTION = YES;
				GCC_WARN_UNUSED_VARIABLE = YES;
				IPHONEOS_DEPLOYMENT_TARGET = 10.1;
				MTL_ENABLE_DEBUG_INFO = YES;
				ONLY_ACTIVE_ARCH = YES;
				SDKROOT = iphoneos;
			};
			name = Debug;
		};
		0EA4DC2E1DDEC30100B4B05F /* Release */ = {
			isa = XCBuildConfiguration;
			buildSettings = {
				ALWAYS_SEARCH_USER_PATHS = NO;
				CLANG_ANALYZER_NONNULL = YES;
				CLANG_CXX_LANGUAGE_STANDARD = "gnu++0x";
				CLANG_CXX_LIBRARY = "libc++";
				CLANG_ENABLE_MODULES = YES;
				CLANG_ENABLE_OBJC_ARC = YES;
				CLANG_WARN_BOOL_CONVERSION = YES;
				CLANG_WARN_CONSTANT_CONVERSION = YES;
				CLANG_WARN_DIRECT_OBJC_ISA_USAGE = YES_ERROR;
				CLANG_WARN_DOCUMENTATION_COMMENTS = YES;
				CLANG_WARN_EMPTY_BODY = YES;
				CLANG_WARN_ENUM_CONVERSION = YES;
				CLANG_WARN_INFINITE_RECURSION = YES;
				CLANG_WARN_INT_CONVERSION = YES;
				CLANG_WARN_OBJC_ROOT_CLASS = YES_ERROR;
				CLANG_WARN_SUSPICIOUS_MOVES = YES;
				CLANG_WARN_UNREACHABLE_CODE = YES;
				CLANG_WARN__DUPLICATE_METHOD_MATCH = YES;
				"CODE_SIGN_IDENTITY[sdk=iphoneos*]" = "iPhone Developer";
				COPY_PHASE_STRIP = NO;
				DEBUG_INFORMATION_FORMAT = "dwarf-with-dsym";
				ENABLE_NS_ASSERTIONS = NO;
				ENABLE_STRICT_OBJC_MSGSEND = YES;
				GCC_C_LANGUAGE_STANDARD = gnu99;
				GCC_NO_COMMON_BLOCKS = YES;
				GCC_WARN_64_TO_32_BIT_CONVERSION = YES;
				GCC_WARN_ABOUT_RETURN_TYPE = YES_ERROR;
				GCC_WARN_UNDECLARED_SELECTOR = YES;
				GCC_WARN_UNINITIALIZED_AUTOS = YES_AGGRESSIVE;
				GCC_WARN_UNUSED_FUNCTION = YES;
				GCC_WARN_UNUSED_VARIABLE = YES;
				IPHONEOS_DEPLOYMENT_TARGET = 10.1;
				MTL_ENABLE_DEBUG_INFO = NO;
				SDKROOT = iphoneos;
				VALIDATE_PRODUCT = YES;
			};
			name = Release;
		};
		0EA4DC301DDEC30100B4B05F /* Debug */ = {
			isa = XCBuildConfiguration;
			buildSettings = {
				HEADER_SEARCH_PATHS = "$(SRCROOT)/../../react-native/React/**";
				OTHER_LDFLAGS = "-ObjC";
				PRODUCT_NAME = "$(TARGET_NAME)";
				SKIP_INSTALL = YES;
			};
			name = Debug;
		};
		0EA4DC311DDEC30100B4B05F /* Release */ = {
			isa = XCBuildConfiguration;
			buildSettings = {
				HEADER_SEARCH_PATHS = "$(SRCROOT)/../../react-native/React/**";
				OTHER_LDFLAGS = "-ObjC";
				PRODUCT_NAME = "$(TARGET_NAME)";
				SKIP_INSTALL = YES;
			};
			name = Release;
		};
/* End XCBuildConfiguration section */

/* Begin XCConfigurationList section */
		0EA4DC211DDEC30100B4B05F /* Build configuration list for PBXProject "RNUpdateAPK" */ = {
			isa = XCConfigurationList;
			buildConfigurations = (
				0EA4DC2D1DDEC30100B4B05F /* Debug */,
				0EA4DC2E1DDEC30100B4B05F /* Release */,
			);
			defaultConfigurationIsVisible = 0;
			defaultConfigurationName = Release;
		};
		0EA4DC2F1DDEC30100B4B05F /* Build configuration list for PBXNativeTarget "RNUpdateAPK" */ = {
			isa = XCConfigurationList;
			buildConfigurations = (
				0EA4DC301DDEC30100B4B05F /* Debug */,
				0EA4DC311DDEC30100B4B05F /* Release */,
			);
			defaultConfigurationIsVisible = 0;
			defaultConfigurationName = Release;
		};
/* End XCConfigurationList section */
	};
	rootObject = 0EA4DC1E1DDEC30100B4B05F /* Project object */;
}
